{
  "gemfiles/modular/templating.gemfile:3018447732": [
    [14, 3, 47, "Bundler/DuplicatedGem: Gem `tree_sitter_language_pack` requirements already given on line 10 of the Gemfile.", 3843603197]
  ],
  "lib/activesupport/isolated_execution_state.rb:2454238027": [
    [14, 28, 16, "ThreadSafety/ClassInstanceVariable: Avoid class instance variables.", 430180392],
    [20, 18, 16, "ThreadSafety/ClassInstanceVariable: Avoid class instance variables.", 430180392],
    [22, 9, 6, "ThreadSafety/ClassInstanceVariable: Avoid class instance variables.", 2771743759],
    [28, 9, 16, "ThreadSafety/ClassInstanceVariable: Avoid class instance variables.", 430180392]
  ],
  "lib/activesupport/logger_silence.rb:1739415277": [
    [13, 7, 39, "ThreadSafety/ClassAndModuleAttributes: Avoid mutating class and module attributes.", 4013179979]
  ],
  "lib/activesupport/logger_thread_safe_level.rb:1245293108": [
    [17, 7, 12, "Lint/EmptyWhen: Avoid `when` branches without a body.", 2262258615],
    [20, 7, 8, "Lint/EmptyWhen: Avoid `when` branches without a body.", 2691696058]
  ],
  "spec/activesupport/clean_logger_spec.rb:2400561397": [
    [5, 1, 36, "RSpec/SpecFilePathFormat: Spec path should end with `active_support/logger*_spec.rb`.", 2349951270],
    [8, 15, 21, "RSpec/DescribedClass: Use `described_class` instead of `ActiveSupport::Logger`.", 2155992370]
  ],
  "spec/activesupport/isolated_execution_state_spec.rb:1017146217": [
    [5, 1, 52, "RSpec/SpecFilePathFormat: Spec path should end with `active_support/isolated_execution_state*_spec.rb`.", 2500898234],
    [26, 16, 10, "ThreadSafety/NewThread: Avoid starting new threads.", 3411682361],
    [39, 16, 10, "ThreadSafety/NewThread: Avoid starting new threads.", 3411682361]
  ],
  "spec/activesupport/logger/version_spec.rb:3968636878": [
    [3, 1, 62, "RSpec/SpecFilePathFormat: Spec path should end with `active_support/logger/simple_formatter/version*_spec.rb`.", 2471459858]
  ],
  "spec/activesupport/logger_silence_spec.rb:298610873": [
    [3, 1, 43, "RSpec/SpecFilePathFormat: Spec path should end with `active_support/logger_silence*_spec.rb`.", 1277887133],
    [4, 3, 70, "Lint/ConstantDefinitionInBlock: Do not define constants this way within a block.", 2849072819],
    [4, 3, 70, "RSpec/LeakyConstantDeclaration: Stub class constant instead of declaring explicitly.", 2849072819]
  ],
  "spec/activesupport/logger_spec.rb:1290926973": [
    [24, 41, 2, "RSpec/BeEq: Prefer `be` over `eq`.", 5860785],
    [29, 65, 6, "Style/GlobalStdStream: Use `$stdout` instead of `STDOUT`.", 3356722952],
    [31, 60, 6, "Style/GlobalStdStream: Use `$stdout` instead of `STDOUT`.", 3356722952],
    [32, 60, 6, "Style/GlobalStdStream: Use `$stdout` instead of `STDOUT`.", 3356722952],
    [32, 68, 6, "Style/GlobalStdStream: Use `$stderr` instead of `STDERR`.", 3356712163],
    [38, 69, 6, "Style/GlobalStdStream: Use `$stdout` instead of `STDOUT`.", 3356722952],
    [40, 55, 6, "Style/GlobalStdStream: Use `$stdout` instead of `STDOUT`.", 3356722952],
    [47, 59, 6, "Style/GlobalStdStream: Use `$stderr` instead of `STDERR`.", 3356712163],
    [49, 45, 6, "Style/GlobalStdStream: Use `$stderr` instead of `STDERR`.", 3356712163],
    [50, 55, 6, "Style/GlobalStdStream: Use `$stderr` instead of `STDERR`.", 3356712163],
    [61, 59, 6, "Style/GlobalStdStream: Use `$stdout` instead of `STDOUT`.", 3356722952],
    [157, 3, 220, "RSpec/NoExpectationExample: No expectation found in this example.", 2483096172],
    [170, 3, 344, "RSpec/NoExpectationExample: No expectation found in this example.", 4268698866],
    [278, 9, 10, "ThreadSafety/NewThread: Avoid starting new threads.", 3411682361],
    [301, 7, 10, "ThreadSafety/NewThread: Avoid starting new threads.", 3411682361]
  ]
}
